
Microsoft Visual Studio Solution File, Format Version 12.00
# Visual Studio Version 17
VisualStudioVersion = 17.4.33213.308
MinimumVisualStudioVersion = 10.0.40219.1
Project("{FAE04EC0-301F-11D3-BF4B-00C04F79EFBC}") = "RoomApi", "Room\RoomApi.csproj", "{4ABB6C39-F223-41F2-A4BB-8CA1D2D47724}"
EndProject
Project("{FAE04EC0-301F-11D3-BF4B-00C04F79EFBC}") = "DeskApi", "DeskApi\DeskApi.csproj", "{EAF199C6-5F9A-4A85-AF76-F08FA7D390C4}"
EndProject
Project("{FAE04EC0-301F-11D3-BF4B-00C04F79EFBC}") = "EventApi", "EventApi\EventApi.csproj", "{B6CA3144-59E8-47C9-8513-57A752CB4EB0}"
EndProject
Global
	GlobalSection(SolutionConfigurationPlatforms) = preSolution
		Debug|Any CPU = Debug|Any CPU
		Release|Any CPU = Release|Any CPU
	EndGlobalSection
	GlobalSection(ProjectConfigurationPlatforms) = postSolution
		{4ABB6C39-F223-41F2-A4BB-8CA1D2D47724}.Debug|Any CPU.ActiveCfg = Debug|Any CPU
		{4ABB6C39-F223-41F2-A4BB-8CA1D2D47724}.Debug|Any CPU.Build.0 = Debug|Any CPU
		{4ABB6C39-F223-41F2-A4BB-8CA1D2D47724}.Release|Any CPU.ActiveCfg = Release|Any CPU
		{4ABB6C39-F223-41F2-A4BB-8CA1D2D47724}.Release|Any CPU.Build.0 = Release|Any CPU
		{EAF199C6-5F9A-4A85-AF76-F08FA7D390C4}.Debug|Any CPU.ActiveCfg = Debug|Any CPU
		{EAF199C6-5F9A-4A85-AF76-F08FA7D390C4}.Debug|Any CPU.Build.0 = Debug|Any CPU
		{EAF199C6-5F9A-4A85-AF76-F08FA7D390C4}.Release|Any CPU.ActiveCfg = Release|Any CPU
		{EAF199C6-5F9A-4A85-AF76-F08FA7D390C4}.Release|Any CPU.Build.0 = Release|Any CPU
		{B6CA3144-59E8-47C9-8513-57A752CB4EB0}.Debug|Any CPU.ActiveCfg = Debug|Any CPU
		{B6CA3144-59E8-47C9-8513-57A752CB4EB0}.Debug|Any CPU.Build.0 = Debug|Any CPU
		{B6CA3144-59E8-47C9-8513-57A752CB4EB0}.Release|Any CPU.ActiveCfg = Release|Any CPU
		{B6CA3144-59E8-47C9-8513-57A752CB4EB0}.Release|Any CPU.Build.0 = Release|Any CPU
	EndGlobalSection
	GlobalSection(SolutionProperties) = preSolution
		HideSolutionNode = FALSE
	EndGlobalSection
	GlobalSection(ExtensibilityGlobals) = postSolution
		SolutionGuid = {F3FC1832-18B8-410E-B330-3DBA75294891}
	EndGlobalSection
EndGlobal
